
Microsoft Visual Studio Solution File, Format Version 12.00
# Visual Studio Version 17
VisualStudioVersion = 17.1.32319.34
MinimumVisualStudioVersion = 10.0.40219.1
Project("{FAE04EC0-301F-11D3-BF4B-00C04F79EFBC}") = "LoginService", "LoginService\LoginService.csproj", "{6C7B8D6F-1CCE-4ED2-986F-2E2EED1D0764}"
EndProject
Project("{FAE04EC0-301F-11D3-BF4B-00C04F79EFBC}") = "StockPurchaseService", "StockPurchaseService\StockPurchaseService.csproj", "{51B5D9FE-1235-4A3B-BBE2-CA8A410B096A}"
EndProject
Project("{FAE04EC0-301F-11D3-BF4B-00C04F79EFBC}") = "HomePage", "HomePage\HomePage.csproj", "{86881BBA-BC3B-4F4C-B2C8-B7E5321E6E04}"
	ProjectSection(ProjectDependencies) = postProject
		{51B5D9FE-1235-4A3B-BBE2-CA8A410B096A} = {51B5D9FE-1235-4A3B-BBE2-CA8A410B096A}
	EndProjectSection
EndProject
Global
	GlobalSection(SolutionConfigurationPlatforms) = preSolution
		Debug|Any CPU = Debug|Any CPU
		Release|Any CPU = Release|Any CPU
	EndGlobalSection
	GlobalSection(ProjectConfigurationPlatforms) = postSolution
		{6C7B8D6F-1CCE-4ED2-986F-2E2EED1D0764}.Debug|Any CPU.ActiveCfg = Debug|Any CPU
		{6C7B8D6F-1CCE-4ED2-986F-2E2EED1D0764}.Debug|Any CPU.Build.0 = Debug|Any CPU
		{6C7B8D6F-1CCE-4ED2-986F-2E2EED1D0764}.Release|Any CPU.ActiveCfg = Release|Any CPU
		{6C7B8D6F-1CCE-4ED2-986F-2E2EED1D0764}.Release|Any CPU.Build.0 = Release|Any CPU
		{51B5D9FE-1235-4A3B-BBE2-CA8A410B096A}.Debug|Any CPU.ActiveCfg = Debug|Any CPU
		{51B5D9FE-1235-4A3B-BBE2-CA8A410B096A}.Debug|Any CPU.Build.0 = Debug|Any CPU
		{51B5D9FE-1235-4A3B-BBE2-CA8A410B096A}.Release|Any CPU.ActiveCfg = Release|Any CPU
		{51B5D9FE-1235-4A3B-BBE2-CA8A410B096A}.Release|Any CPU.Build.0 = Release|Any CPU
		{86881BBA-BC3B-4F4C-B2C8-B7E5321E6E04}.Debug|Any CPU.ActiveCfg = Debug|Any CPU
		{86881BBA-BC3B-4F4C-B2C8-B7E5321E6E04}.Debug|Any CPU.Build.0 = Debug|Any CPU
		{86881BBA-BC3B-4F4C-B2C8-B7E5321E6E04}.Release|Any CPU.ActiveCfg = Release|Any CPU
		{86881BBA-BC3B-4F4C-B2C8-B7E5321E6E04}.Release|Any CPU.Build.0 = Release|Any CPU
	EndGlobalSection
	GlobalSection(SolutionProperties) = preSolution
		HideSolutionNode = FALSE
	EndGlobalSection
	GlobalSection(ExtensibilityGlobals) = postSolution
		SolutionGuid = {5AAC6499-32F0-4930-88B7-7295A4EBB26B}
	EndGlobalSection
EndGlobal
